
Microsoft Visual Studio Solution File, Format Version 12.00
# Visual Studio Version 16
VisualStudioVersion = 25.0.1706.3
MinimumVisualStudioVersion = 10.0.40219.1
Project("{FAE04EC0-301F-11D3-BF4B-00C04F79EFBC}") = "Blog", "Blog.csproj", "{9AC4F93E-5676-4589-AE0F-0BD4AF9E58CB}"
EndProject
Global
	GlobalSection(SolutionConfigurationPlatforms) = preSolution
		Debug|Any CPU = Debug|Any CPU
		Release|Any CPU = Release|Any CPU
	EndGlobalSection
	GlobalSection(ProjectConfigurationPlatforms) = postSolution
		{9AC4F93E-5676-4589-AE0F-0BD4AF9E58CB}.Debug|Any CPU.ActiveCfg = Debug|Any CPU
		{9AC4F93E-5676-4589-AE0F-0BD4AF9E58CB}.Debug|Any CPU.Build.0 = Debug|Any CPU
		{9AC4F93E-5676-4589-AE0F-0BD4AF9E58CB}.Release|Any CPU.ActiveCfg = Release|Any CPU
		{9AC4F93E-5676-4589-AE0F-0BD4AF9E58CB}.Release|Any CPU.Build.0 = Release|Any CPU
	EndGlobalSection
	GlobalSection(SolutionProperties) = preSolution
		HideSolutionNode = FALSE
	EndGlobalSection
	GlobalSection(ExtensibilityGlobals) = postSolution
		SolutionGuid = {502CA60A-52E2-4B7F-9BEE-5FD15D3CE928}
	EndGlobalSection
EndGlobal
